
Microsoft Visual Studio Solution File, Format Version 12.00
Project("{FAE04EC0-301F-11D3-BF4B-00C04F79EFBC}") = "ScyScaffPlugin.GrafanaPrometheusGlobalWorker", "ScyScaffPlugin.GrafanaPrometheusGlobalWorker.csproj", "{DAADA3C5-13DD-424F-BBA7-712BD210E56E}"
EndProject
Project("{FAE04EC0-301F-11D3-BF4B-00C04F79EFBC}") = "ScyScaff.Core", "..\ScyScaff\ScyScaff.Core\ScyScaff.Core.csproj", "{40B9472C-4487-4DDE-BD74-6DE84E876EEF}"
EndProject
Project("{FAE04EC0-301F-11D3-BF4B-00C04F79EFBC}") = "ScyScaff.Docker", "..\ScyScaff\ScyScaff.Docker\ScyScaff.Docker.csproj", "{2253AD3A-DEC2-4D7B-A68D-51CCB3F27334}"
EndProject
Global
	GlobalSection(SolutionConfigurationPlatforms) = preSolution
		Debug|Any CPU = Debug|Any CPU
		Release|Any CPU = Release|Any CPU
	EndGlobalSection
	GlobalSection(ProjectConfigurationPlatforms) = postSolution
		{DAADA3C5-13DD-424F-BBA7-712BD210E56E}.Debug|Any CPU.ActiveCfg = Debug|Any CPU
		{DAADA3C5-13DD-424F-BBA7-712BD210E56E}.Debug|Any CPU.Build.0 = Debug|Any CPU
		{DAADA3C5-13DD-424F-BBA7-712BD210E56E}.Release|Any CPU.ActiveCfg = Release|Any CPU
		{DAADA3C5-13DD-424F-BBA7-712BD210E56E}.Release|Any CPU.Build.0 = Release|Any CPU
		{40B9472C-4487-4DDE-BD74-6DE84E876EEF}.Debug|Any CPU.ActiveCfg = Debug|Any CPU
		{40B9472C-4487-4DDE-BD74-6DE84E876EEF}.Debug|Any CPU.Build.0 = Debug|Any CPU
		{40B9472C-4487-4DDE-BD74-6DE84E876EEF}.Release|Any CPU.ActiveCfg = Release|Any CPU
		{40B9472C-4487-4DDE-BD74-6DE84E876EEF}.Release|Any CPU.Build.0 = Release|Any CPU
		{2253AD3A-DEC2-4D7B-A68D-51CCB3F27334}.Debug|Any CPU.ActiveCfg = Debug|Any CPU
		{2253AD3A-DEC2-4D7B-A68D-51CCB3F27334}.Debug|Any CPU.Build.0 = Debug|Any CPU
		{2253AD3A-DEC2-4D7B-A68D-51CCB3F27334}.Release|Any CPU.ActiveCfg = Release|Any CPU
		{2253AD3A-DEC2-4D7B-A68D-51CCB3F27334}.Release|Any CPU.Build.0 = Release|Any CPU
	EndGlobalSection
EndGlobal
